
Microsoft Visual Studio Solution File, Format Version 12.00
# Visual Studio Version 17
VisualStudioVersion = 17.7.34024.191
MinimumVisualStudioVersion = 10.0.40219.1
Project("{FAE04EC0-301F-11D3-BF4B-00C04F79EFBC}") = "Laboratorio5-Ejercicio1-consola", "Laboratorio5-Ejercicio1-consola\Laboratorio5-Ejercicio1-consola.csproj", "{2047D743-169E-44C4-B833-4677629294ED}"
EndProject
Global
	GlobalSection(SolutionConfigurationPlatforms) = preSolution
		Debug|Any CPU = Debug|Any CPU
		Release|Any CPU = Release|Any CPU
	EndGlobalSection
	GlobalSection(ProjectConfigurationPlatforms) = postSolution
		{2047D743-169E-44C4-B833-4677629294ED}.Debug|Any CPU.ActiveCfg = Debug|Any CPU
		{2047D743-169E-44C4-B833-4677629294ED}.Debug|Any CPU.Build.0 = Debug|Any CPU
		{2047D743-169E-44C4-B833-4677629294ED}.Release|Any CPU.ActiveCfg = Release|Any CPU
		{2047D743-169E-44C4-B833-4677629294ED}.Release|Any CPU.Build.0 = Release|Any CPU
	EndGlobalSection
	GlobalSection(SolutionProperties) = preSolution
		HideSolutionNode = FALSE
	EndGlobalSection
	GlobalSection(ExtensibilityGlobals) = postSolution
		SolutionGuid = {28D733F2-1100-4B2D-9DB8-F780365D8EF5}
	EndGlobalSection
EndGlobal
